{
  "nodes": {
    "nixpkgs": {
      "locked": {
        "lastModified": 1697886341,
        "narHash": "sha256-AdE67xPty9M9wn36nPVp6aDntIdigrs7UbyaGv1VAaM=",
        "owner": "NixOS",
        "repo": "nixpkgs",
        "rev": "44881e03af1c730cbb1d72a4d41274a2c957813a",
        "type": "github"
      },
      "original": {
        "owner": "NixOS",
        "ref": "nixpkgs-unstable",
        "repo": "nixpkgs",
        "type": "github"
      }
    },
    "root": {
      "inputs": {
        "nixpkgs": "nixpkgs"
      }
    }
  },
  "root": "root",
  "version": 7
}
