{
  "nodes": {
    "nixpkgs": {
      "locked": {
        "lastModified": 1697486184,
        "narHash": "sha256-wNb4+jl+ExxXUcZ2iQmTtfStCwYhOCeVZ0a6aFF3xLU=",
        "owner": "NixOS",
        "repo": "nixpkgs",
        "rev": "a53f752568e5474fdad6b17f8648291f223853f3",
        "type": "github"
      },
      "original": {
        "owner": "NixOS",
        "repo": "nixpkgs",
        "rev": "a53f752568e5474fdad6b17f8648291f223853f3",
        "type": "github"
      }
    },
    "root": {
      "inputs": {
        "nixpkgs": "nixpkgs"
      }
    }
  },
  "root": "root",
  "version": 7
}
