{
  "nodes": {
    "mirpkgs": {
      "inputs": {
        "nixpkgs": [
          "nixpkgs"
        ]
      },
      "locked": {
        "lastModified": 1759534320,
        "narHash": "sha256-u938t3hK6ZUW+AlLkjyizmCWG/+eMzbWEq/voy+x5Kw=",
        "owner": "carlthome",
        "repo": "mirpkgs",
        "rev": "f352b6bfce8df0296dd1144df09b9129d4c70da7",
        "type": "github"
      },
      "original": {
        "owner": "carlthome",
        "ref": "main",
        "repo": "mirpkgs",
        "type": "github"
      }
    },
    "nixpkgs": {
      "locked": {
        "lastModified": 1759417375,
        "narHash": "sha256-O7eHcgkQXJNygY6AypkF9tFhsoDQjpNEojw3eFs73Ow=",
        "owner": "NixOS",
        "repo": "nixpkgs",
        "rev": "dc704e6102e76aad573f63b74c742cd96f8f1e6c",
        "type": "github"
      },
      "original": {
        "owner": "NixOS",
        "ref": "nixpkgs-unstable",
        "repo": "nixpkgs",
        "type": "github"
      }
    },
    "root": {
      "inputs": {
        "mirpkgs": "mirpkgs",
        "nixpkgs": "nixpkgs"
      }
    }
  },
  "root": "root",
  "version": 7
}
